
Microsoft Visual Studio Solution File, Format Version 12.00
# Visual Studio Version 16
Project("{8BC9CEB8-8B4A-11D0-8D11-00A0C91BC942}") = "ALL_BUILD", "ALL_BUILD.vcxproj", "{831BF2C5-F684-3422-8D98-DF07AF72946E}"
	ProjectSection(ProjectDependencies) = postProject
		{6A452E19-B843-39DE-B93B-20CEA05A56E9} = {6A452E19-B843-39DE-B93B-20CEA05A56E9}
		{17BE1EDF-6B0D-3095-BABC-55017555BB23} = {17BE1EDF-6B0D-3095-BABC-55017555BB23}
		{E66054AE-7879-33ED-8B93-B50654984739} = {E66054AE-7879-33ED-8B93-B50654984739}
		{132A951B-9C96-3582-BB08-F4385D32026C} = {132A951B-9C96-3582-BB08-F4385D32026C}
		{A2C6B7FD-AE0F-357B-BA1B-819CE7B55195} = {A2C6B7FD-AE0F-357B-BA1B-819CE7B55195}
		{C8C6177F-A1CD-39E2-9A9E-EA4A03B191B0} = {C8C6177F-A1CD-39E2-9A9E-EA4A03B191B0}
		{3879E999-EFD0-3970-ABBE-575F73BE173A} = {3879E999-EFD0-3970-ABBE-575F73BE173A}
		{EE55B367-21C0-30F8-BA81-BD8226621C1A} = {EE55B367-21C0-30F8-BA81-BD8226621C1A}
		{0762B312-D6CE-3D73-AB5D-3D189FEB8896} = {0762B312-D6CE-3D73-AB5D-3D189FEB8896}
		{05007F50-A377-3FEB-ACF7-D5663C4EDA9C} = {05007F50-A377-3FEB-ACF7-D5663C4EDA9C}
		{4BED85C2-409D-352F-810F-83CAEBCDE92F} = {4BED85C2-409D-352F-810F-83CAEBCDE92F}
		{97005E57-E96D-35E2-B91F-ED54D530AF3E} = {97005E57-E96D-35E2-B91F-ED54D530AF3E}
		{67951635-BE33-3CE2-A6D1-408551FA1B12} = {67951635-BE33-3CE2-A6D1-408551FA1B12}
		{FCC20395-9A7B-35F9-B62D-F218C1CD1B2D} = {FCC20395-9A7B-35F9-B62D-F218C1CD1B2D}
		{15E37890-EDC7-3D85-863F-4EC7BCC3BEE7} = {15E37890-EDC7-3D85-863F-4EC7BCC3BEE7}
		{FDDC323E-CCF5-38A7-89AF-ADF5DD7CFDA4} = {FDDC323E-CCF5-38A7-89AF-ADF5DD7CFDA4}
		{9D3B9187-314F-3827-828F-D06CCDF657E2} = {9D3B9187-314F-3827-828F-D06CCDF657E2}
		{780DEFB7-9F59-3963-87E9-2043968442C9} = {780DEFB7-9F59-3963-87E9-2043968442C9}
		{5A131B35-97A6-3D44-9BFF-C9F470CE29C8} = {5A131B35-97A6-3D44-9BFF-C9F470CE29C8}
		{EB8939F6-D3EF-3185-9351-2F9FF68F0371} = {EB8939F6-D3EF-3185-9351-2F9FF68F0371}
		{4ED54CEE-1677-3BF1-B388-E5B2EF85CCB0} = {4ED54CEE-1677-3BF1-B388-E5B2EF85CCB0}
		{B5934C67-FAB5-3AFB-B056-EF66C2C6FDE0} = {B5934C67-FAB5-3AFB-B056-EF66C2C6FDE0}
		{BFD0696D-9F4B-3154-9E48-40031976F0C2} = {BFD0696D-9F4B-3154-9E48-40031976F0C2}
		{FDD77B5C-AAF0-3D6D-85C2-912AF07FCD87} = {FDD77B5C-AAF0-3D6D-85C2-912AF07FCD87}
		{C9165334-B072-39A7-931A-D4B5DADEAF07} = {C9165334-B072-39A7-931A-D4B5DADEAF07}
		{655A00E5-5EF6-3079-BEB7-6A5573E520D7} = {655A00E5-5EF6-3079-BEB7-6A5573E520D7}
		{93BEF7EF-7325-32BE-80FB-06429CD0B379} = {93BEF7EF-7325-32BE-80FB-06429CD0B379}
		{16F9D78F-F6B6-393F-899D-F5DCD0CA98B1} = {16F9D78F-F6B6-393F-899D-F5DCD0CA98B1}
		{08EBDA27-2A98-3C9B-929A-75032144F808} = {08EBDA27-2A98-3C9B-929A-75032144F808}
	EndProjectSection
EndProject
Project("{8BC9CEB8-8B4A-11D0-8D11-00A0C91BC942}") = "INSTALL", "INSTALL.vcxproj", "{6622734D-0F0F-3DE1-BC36-E78B0607A952}"
	ProjectSection(ProjectDependencies) = postProject
		{831BF2C5-F684-3422-8D98-DF07AF72946E} = {831BF2C5-F684-3422-8D98-DF07AF72946E}
		{6A452E19-B843-39DE-B93B-20CEA05A56E9} = {6A452E19-B843-39DE-B93B-20CEA05A56E9}
	EndProjectSection
EndProject
Project("{8BC9CEB8-8B4A-11D0-8D11-00A0C91BC942}") = "PACKAGE", "PACKAGE.vcxproj", "{9072C6F3-2324-31AF-B830-F5773110ED13}"
	ProjectSection(ProjectDependencies) = postProject
		{831BF2C5-F684-3422-8D98-DF07AF72946E} = {831BF2C5-F684-3422-8D98-DF07AF72946E}
		{6A452E19-B843-39DE-B93B-20CEA05A56E9} = {6A452E19-B843-39DE-B93B-20CEA05A56E9}
	EndProjectSection
EndProject
Project("{8BC9CEB8-8B4A-11D0-8D11-00A0C91BC942}") = "RUN_TESTS", "RUN_TESTS.vcxproj", "{1BD1A401-6BF3-3957-B21F-2B18FB3E2674}"
	ProjectSection(ProjectDependencies) = postProject
		{6A452E19-B843-39DE-B93B-20CEA05A56E9} = {6A452E19-B843-39DE-B93B-20CEA05A56E9}
	EndProjectSection
EndProject
Project("{8BC9CEB8-8B4A-11D0-8D11-00A0C91BC942}") = "ZERO_CHECK", "ZERO_CHECK.vcxproj", "{6A452E19-B843-39DE-B93B-20CEA05A56E9}"
	ProjectSection(ProjectDependencies) = postProject
	EndProjectSection
EndProject
Project("{8BC9CEB8-8B4A-11D0-8D11-00A0C91BC942}") = "client_example_control", "examples\iec61850_client_example_control\client_example_control.vcxproj", "{17BE1EDF-6B0D-3095-BABC-55017555BB23}"
	ProjectSection(ProjectDependencies) = postProject
		{6A452E19-B843-39DE-B93B-20CEA05A56E9} = {6A452E19-B843-39DE-B93B-20CEA05A56E9}
		{132A951B-9C96-3582-BB08-F4385D32026C} = {132A951B-9C96-3582-BB08-F4385D32026C}
		{C8C6177F-A1CD-39E2-9A9E-EA4A03B191B0} = {C8C6177F-A1CD-39E2-9A9E-EA4A03B191B0}
	EndProjectSection
EndProject
Project("{8BC9CEB8-8B4A-11D0-8D11-00A0C91BC942}") = "file-tool", "examples\iec61850_client_example_files\file-tool.vcxproj", "{E66054AE-7879-33ED-8B93-B50654984739}"
	ProjectSection(ProjectDependencies) = postProject
		{6A452E19-B843-39DE-B93B-20CEA05A56E9} = {6A452E19-B843-39DE-B93B-20CEA05A56E9}
		{132A951B-9C96-3582-BB08-F4385D32026C} = {132A951B-9C96-3582-BB08-F4385D32026C}
		{C8C6177F-A1CD-39E2-9A9E-EA4A03B191B0} = {C8C6177F-A1CD-39E2-9A9E-EA4A03B191B0}
	EndProjectSection
EndProject
Project("{8BC9CEB8-8B4A-11D0-8D11-00A0C91BC942}") = "hal", "hal\hal.vcxproj", "{132A951B-9C96-3582-BB08-F4385D32026C}"
	ProjectSection(ProjectDependencies) = postProject
		{6A452E19-B843-39DE-B93B-20CEA05A56E9} = {6A452E19-B843-39DE-B93B-20CEA05A56E9}
	EndProjectSection
EndProject
Project("{8BC9CEB8-8B4A-11D0-8D11-00A0C91BC942}") = "hal-shared", "hal\hal-shared.vcxproj", "{A2C6B7FD-AE0F-357B-BA1B-819CE7B55195}"
	ProjectSection(ProjectDependencies) = postProject
		{6A452E19-B843-39DE-B93B-20CEA05A56E9} = {6A452E19-B843-39DE-B93B-20CEA05A56E9}
	EndProjectSection
EndProject
Project("{8BC9CEB8-8B4A-11D0-8D11-00A0C91BC942}") = "iec61850", "src\iec61850.vcxproj", "{C8C6177F-A1CD-39E2-9A9E-EA4A03B191B0}"
	ProjectSection(ProjectDependencies) = postProject
		{6A452E19-B843-39DE-B93B-20CEA05A56E9} = {6A452E19-B843-39DE-B93B-20CEA05A56E9}
		{132A951B-9C96-3582-BB08-F4385D32026C} = {132A951B-9C96-3582-BB08-F4385D32026C}
	EndProjectSection
EndProject
Project("{8BC9CEB8-8B4A-11D0-8D11-00A0C91BC942}") = "iec61850-shared", "src\iec61850-shared.vcxproj", "{3879E999-EFD0-3970-ABBE-575F73BE173A}"
	ProjectSection(ProjectDependencies) = postProject
		{6A452E19-B843-39DE-B93B-20CEA05A56E9} = {6A452E19-B843-39DE-B93B-20CEA05A56E9}
		{A2C6B7FD-AE0F-357B-BA1B-819CE7B55195} = {A2C6B7FD-AE0F-357B-BA1B-819CE7B55195}
	EndProjectSection
EndProject
Project("{8BC9CEB8-8B4A-11D0-8D11-00A0C91BC942}") = "iec61850_client_async", "examples\iec61850_client_example_async\iec61850_client_async.vcxproj", "{EE55B367-21C0-30F8-BA81-BD8226621C1A}"
	ProjectSection(ProjectDependencies) = postProject
		{6A452E19-B843-39DE-B93B-20CEA05A56E9} = {6A452E19-B843-39DE-B93B-20CEA05A56E9}
		{132A951B-9C96-3582-BB08-F4385D32026C} = {132A951B-9C96-3582-BB08-F4385D32026C}
		{C8C6177F-A1CD-39E2-9A9E-EA4A03B191B0} = {C8C6177F-A1CD-39E2-9A9E-EA4A03B191B0}
	EndProjectSection
EndProject
Project("{8BC9CEB8-8B4A-11D0-8D11-00A0C91BC942}") = "iec61850_client_example1", "examples\iec61850_client_example1\iec61850_client_example1.vcxproj", "{0762B312-D6CE-3D73-AB5D-3D189FEB8896}"
	ProjectSection(ProjectDependencies) = postProject
		{6A452E19-B843-39DE-B93B-20CEA05A56E9} = {6A452E19-B843-39DE-B93B-20CEA05A56E9}
		{132A951B-9C96-3582-BB08-F4385D32026C} = {132A951B-9C96-3582-BB08-F4385D32026C}
		{C8C6177F-A1CD-39E2-9A9E-EA4A03B191B0} = {C8C6177F-A1CD-39E2-9A9E-EA4A03B191B0}
	EndProjectSection
EndProject
Project("{8BC9CEB8-8B4A-11D0-8D11-00A0C91BC942}") = "iec61850_client_example2", "examples\iec61850_client_example2\iec61850_client_example2.vcxproj", "{05007F50-A377-3FEB-ACF7-D5663C4EDA9C}"
	ProjectSection(ProjectDependencies) = postProject
		{6A452E19-B843-39DE-B93B-20CEA05A56E9} = {6A452E19-B843-39DE-B93B-20CEA05A56E9}
		{132A951B-9C96-3582-BB08-F4385D32026C} = {132A951B-9C96-3582-BB08-F4385D32026C}
		{C8C6177F-A1CD-39E2-9A9E-EA4A03B191B0} = {C8C6177F-A1CD-39E2-9A9E-EA4A03B191B0}
	EndProjectSection
EndProject
Project("{8BC9CEB8-8B4A-11D0-8D11-00A0C91BC942}") = "iec61850_client_example4", "examples\iec61850_client_example4\iec61850_client_example4.vcxproj", "{4BED85C2-409D-352F-810F-83CAEBCDE92F}"
	ProjectSection(ProjectDependencies) = postProject
		{6A452E19-B843-39DE-B93B-20CEA05A56E9} = {6A452E19-B843-39DE-B93B-20CEA05A56E9}
		{132A951B-9C96-3582-BB08-F4385D32026C} = {132A951B-9C96-3582-BB08-F4385D32026C}
		{C8C6177F-A1CD-39E2-9A9E-EA4A03B191B0} = {C8C6177F-A1CD-39E2-9A9E-EA4A03B191B0}
	EndProjectSection
EndProject
Project("{8BC9CEB8-8B4A-11D0-8D11-00A0C91BC942}") = "iec61850_client_example5", "examples\iec61850_client_example5\iec61850_client_example5.vcxproj", "{97005E57-E96D-35E2-B91F-ED54D530AF3E}"
	ProjectSection(ProjectDependencies) = postProject
		{6A452E19-B843-39DE-B93B-20CEA05A56E9} = {6A452E19-B843-39DE-B93B-20CEA05A56E9}
		{132A951B-9C96-3582-BB08-F4385D32026C} = {132A951B-9C96-3582-BB08-F4385D32026C}
		{C8C6177F-A1CD-39E2-9A9E-EA4A03B191B0} = {C8C6177F-A1CD-39E2-9A9E-EA4A03B191B0}
	EndProjectSection
EndProject
Project("{8BC9CEB8-8B4A-11D0-8D11-00A0C91BC942}") = "iec61850_client_example_array", "examples\iec61850_client_example_array\iec61850_client_example_array.vcxproj", "{67951635-BE33-3CE2-A6D1-408551FA1B12}"
	ProjectSection(ProjectDependencies) = postProject
		{6A452E19-B843-39DE-B93B-20CEA05A56E9} = {6A452E19-B843-39DE-B93B-20CEA05A56E9}
		{132A951B-9C96-3582-BB08-F4385D32026C} = {132A951B-9C96-3582-BB08-F4385D32026C}
		{C8C6177F-A1CD-39E2-9A9E-EA4A03B191B0} = {C8C6177F-A1CD-39E2-9A9E-EA4A03B191B0}
	EndProjectSection
EndProject
Project("{8BC9CEB8-8B4A-11D0-8D11-00A0C91BC942}") = "iec61850_client_example_log", "examples\iec61850_client_example_log\iec61850_client_example_log.vcxproj", "{FCC20395-9A7B-35F9-B62D-F218C1CD1B2D}"
	ProjectSection(ProjectDependencies) = postProject
		{6A452E19-B843-39DE-B93B-20CEA05A56E9} = {6A452E19-B843-39DE-B93B-20CEA05A56E9}
		{132A951B-9C96-3582-BB08-F4385D32026C} = {132A951B-9C96-3582-BB08-F4385D32026C}
		{C8C6177F-A1CD-39E2-9A9E-EA4A03B191B0} = {C8C6177F-A1CD-39E2-9A9E-EA4A03B191B0}
	EndProjectSection
EndProject
Project("{8BC9CEB8-8B4A-11D0-8D11-00A0C91BC942}") = "iec61850_client_example_reporting", "examples\iec61850_client_example_reporting\iec61850_client_example_reporting.vcxproj", "{15E37890-EDC7-3D85-863F-4EC7BCC3BEE7}"
	ProjectSection(ProjectDependencies) = postProject
		{6A452E19-B843-39DE-B93B-20CEA05A56E9} = {6A452E19-B843-39DE-B93B-20CEA05A56E9}
		{132A951B-9C96-3582-BB08-F4385D32026C} = {132A951B-9C96-3582-BB08-F4385D32026C}
		{C8C6177F-A1CD-39E2-9A9E-EA4A03B191B0} = {C8C6177F-A1CD-39E2-9A9E-EA4A03B191B0}
	EndProjectSection
EndProject
Project("{8BC9CEB8-8B4A-11D0-8D11-00A0C91BC942}") = "iec61850_client_file_async", "examples\iec61850_client_file_async\iec61850_client_file_async.vcxproj", "{FDDC323E-CCF5-38A7-89AF-ADF5DD7CFDA4}"
	ProjectSection(ProjectDependencies) = postProject
		{6A452E19-B843-39DE-B93B-20CEA05A56E9} = {6A452E19-B843-39DE-B93B-20CEA05A56E9}
		{132A951B-9C96-3582-BB08-F4385D32026C} = {132A951B-9C96-3582-BB08-F4385D32026C}
		{C8C6177F-A1CD-39E2-9A9E-EA4A03B191B0} = {C8C6177F-A1CD-39E2-9A9E-EA4A03B191B0}
	EndProjectSection
EndProject
Project("{8BC9CEB8-8B4A-11D0-8D11-00A0C91BC942}") = "server_example_61400_25", "examples\server_example_61400_25\server_example_61400_25.vcxproj", "{9D3B9187-314F-3827-828F-D06CCDF657E2}"
	ProjectSection(ProjectDependencies) = postProject
		{6A452E19-B843-39DE-B93B-20CEA05A56E9} = {6A452E19-B843-39DE-B93B-20CEA05A56E9}
		{132A951B-9C96-3582-BB08-F4385D32026C} = {132A951B-9C96-3582-BB08-F4385D32026C}
		{C8C6177F-A1CD-39E2-9A9E-EA4A03B191B0} = {C8C6177F-A1CD-39E2-9A9E-EA4A03B191B0}
	EndProjectSection
EndProject
Project("{8BC9CEB8-8B4A-11D0-8D11-00A0C91BC942}") = "server_example_basic_io", "examples\server_example_basic_io\server_example_basic_io.vcxproj", "{780DEFB7-9F59-3963-87E9-2043968442C9}"
	ProjectSection(ProjectDependencies) = postProject
		{6A452E19-B843-39DE-B93B-20CEA05A56E9} = {6A452E19-B843-39DE-B93B-20CEA05A56E9}
		{132A951B-9C96-3582-BB08-F4385D32026C} = {132A951B-9C96-3582-BB08-F4385D32026C}
		{C8C6177F-A1CD-39E2-9A9E-EA4A03B191B0} = {C8C6177F-A1CD-39E2-9A9E-EA4A03B191B0}
	EndProjectSection
EndProject
Project("{8BC9CEB8-8B4A-11D0-8D11-00A0C91BC942}") = "server_example_ca", "examples\server_example_complex_array\server_example_ca.vcxproj", "{5A131B35-97A6-3D44-9BFF-C9F470CE29C8}"
	ProjectSection(ProjectDependencies) = postProject
		{6A452E19-B843-39DE-B93B-20CEA05A56E9} = {6A452E19-B843-39DE-B93B-20CEA05A56E9}
		{132A951B-9C96-3582-BB08-F4385D32026C} = {132A951B-9C96-3582-BB08-F4385D32026C}
		{C8C6177F-A1CD-39E2-9A9E-EA4A03B191B0} = {C8C6177F-A1CD-39E2-9A9E-EA4A03B191B0}
	EndProjectSection
EndProject
Project("{8BC9CEB8-8B4A-11D0-8D11-00A0C91BC942}") = "server_example_config_file", "examples\server_example_config_file\server_example_config_file.vcxproj", "{EB8939F6-D3EF-3185-9351-2F9FF68F0371}"
	ProjectSection(ProjectDependencies) = postProject
		{6A452E19-B843-39DE-B93B-20CEA05A56E9} = {6A452E19-B843-39DE-B93B-20CEA05A56E9}
		{132A951B-9C96-3582-BB08-F4385D32026C} = {132A951B-9C96-3582-BB08-F4385D32026C}
		{C8C6177F-A1CD-39E2-9A9E-EA4A03B191B0} = {C8C6177F-A1CD-39E2-9A9E-EA4A03B191B0}
	EndProjectSection
EndProject
Project("{8BC9CEB8-8B4A-11D0-8D11-00A0C91BC942}") = "server_example_control", "examples\server_example_control\server_example_control.vcxproj", "{4ED54CEE-1677-3BF1-B388-E5B2EF85CCB0}"
	ProjectSection(ProjectDependencies) = postProject
		{6A452E19-B843-39DE-B93B-20CEA05A56E9} = {6A452E19-B843-39DE-B93B-20CEA05A56E9}
		{132A951B-9C96-3582-BB08-F4385D32026C} = {132A951B-9C96-3582-BB08-F4385D32026C}
		{C8C6177F-A1CD-39E2-9A9E-EA4A03B191B0} = {C8C6177F-A1CD-39E2-9A9E-EA4A03B191B0}
	EndProjectSection
EndProject
Project("{8BC9CEB8-8B4A-11D0-8D11-00A0C91BC942}") = "server_example_dynamic", "examples\server_example_dynamic\server_example_dynamic.vcxproj", "{B5934C67-FAB5-3AFB-B056-EF66C2C6FDE0}"
	ProjectSection(ProjectDependencies) = postProject
		{6A452E19-B843-39DE-B93B-20CEA05A56E9} = {6A452E19-B843-39DE-B93B-20CEA05A56E9}
		{132A951B-9C96-3582-BB08-F4385D32026C} = {132A951B-9C96-3582-BB08-F4385D32026C}
		{C8C6177F-A1CD-39E2-9A9E-EA4A03B191B0} = {C8C6177F-A1CD-39E2-9A9E-EA4A03B191B0}
	EndProjectSection
EndProject
Project("{8BC9CEB8-8B4A-11D0-8D11-00A0C91BC942}") = "server_example_files", "examples\server_example_files\server_example_files.vcxproj", "{BFD0696D-9F4B-3154-9E48-40031976F0C2}"
	ProjectSection(ProjectDependencies) = postProject
		{6A452E19-B843-39DE-B93B-20CEA05A56E9} = {6A452E19-B843-39DE-B93B-20CEA05A56E9}
		{132A951B-9C96-3582-BB08-F4385D32026C} = {132A951B-9C96-3582-BB08-F4385D32026C}
		{C8C6177F-A1CD-39E2-9A9E-EA4A03B191B0} = {C8C6177F-A1CD-39E2-9A9E-EA4A03B191B0}
	EndProjectSection
EndProject
Project("{8BC9CEB8-8B4A-11D0-8D11-00A0C91BC942}") = "server_example_password_auth", "examples\server_example_password_auth\server_example_password_auth.vcxproj", "{FDD77B5C-AAF0-3D6D-85C2-912AF07FCD87}"
	ProjectSection(ProjectDependencies) = postProject
		{6A452E19-B843-39DE-B93B-20CEA05A56E9} = {6A452E19-B843-39DE-B93B-20CEA05A56E9}
		{132A951B-9C96-3582-BB08-F4385D32026C} = {132A951B-9C96-3582-BB08-F4385D32026C}
		{C8C6177F-A1CD-39E2-9A9E-EA4A03B191B0} = {C8C6177F-A1CD-39E2-9A9E-EA4A03B191B0}
	EndProjectSection
EndProject
Project("{8BC9CEB8-8B4A-11D0-8D11-00A0C91BC942}") = "server_example_sg", "examples\server_example_setting_groups\server_example_sg.vcxproj", "{C9165334-B072-39A7-931A-D4B5DADEAF07}"
	ProjectSection(ProjectDependencies) = postProject
		{6A452E19-B843-39DE-B93B-20CEA05A56E9} = {6A452E19-B843-39DE-B93B-20CEA05A56E9}
		{132A951B-9C96-3582-BB08-F4385D32026C} = {132A951B-9C96-3582-BB08-F4385D32026C}
		{C8C6177F-A1CD-39E2-9A9E-EA4A03B191B0} = {C8C6177F-A1CD-39E2-9A9E-EA4A03B191B0}
	EndProjectSection
EndProject
Project("{8BC9CEB8-8B4A-11D0-8D11-00A0C91BC942}") = "server_example_simple", "examples\server_example_simple\server_example_simple.vcxproj", "{655A00E5-5EF6-3079-BEB7-6A5573E520D7}"
	ProjectSection(ProjectDependencies) = postProject
		{6A452E19-B843-39DE-B93B-20CEA05A56E9} = {6A452E19-B843-39DE-B93B-20CEA05A56E9}
		{132A951B-9C96-3582-BB08-F4385D32026C} = {132A951B-9C96-3582-BB08-F4385D32026C}
		{C8C6177F-A1CD-39E2-9A9E-EA4A03B191B0} = {C8C6177F-A1CD-39E2-9A9E-EA4A03B191B0}
	EndProjectSection
EndProject
Project("{8BC9CEB8-8B4A-11D0-8D11-00A0C91BC942}") = "server_example_substitution", "examples\server_example_substitution\server_example_substitution.vcxproj", "{93BEF7EF-7325-32BE-80FB-06429CD0B379}"
	ProjectSection(ProjectDependencies) = postProject
		{6A452E19-B843-39DE-B93B-20CEA05A56E9} = {6A452E19-B843-39DE-B93B-20CEA05A56E9}
		{132A951B-9C96-3582-BB08-F4385D32026C} = {132A951B-9C96-3582-BB08-F4385D32026C}
		{C8C6177F-A1CD-39E2-9A9E-EA4A03B191B0} = {C8C6177F-A1CD-39E2-9A9E-EA4A03B191B0}
	EndProjectSection
EndProject
Project("{8BC9CEB8-8B4A-11D0-8D11-00A0C91BC942}") = "server_example_threadless", "examples\server_example_threadless\server_example_threadless.vcxproj", "{16F9D78F-F6B6-393F-899D-F5DCD0CA98B1}"
	ProjectSection(ProjectDependencies) = postProject
		{6A452E19-B843-39DE-B93B-20CEA05A56E9} = {6A452E19-B843-39DE-B93B-20CEA05A56E9}
		{132A951B-9C96-3582-BB08-F4385D32026C} = {132A951B-9C96-3582-BB08-F4385D32026C}
		{C8C6177F-A1CD-39E2-9A9E-EA4A03B191B0} = {C8C6177F-A1CD-39E2-9A9E-EA4A03B191B0}
	EndProjectSection
EndProject
Project("{8BC9CEB8-8B4A-11D0-8D11-00A0C91BC942}") = "server_example_write_handler", "examples\server_example_write_handler\server_example_write_handler.vcxproj", "{08EBDA27-2A98-3C9B-929A-75032144F808}"
	ProjectSection(ProjectDependencies) = postProject
		{6A452E19-B843-39DE-B93B-20CEA05A56E9} = {6A452E19-B843-39DE-B93B-20CEA05A56E9}
		{132A951B-9C96-3582-BB08-F4385D32026C} = {132A951B-9C96-3582-BB08-F4385D32026C}
		{C8C6177F-A1CD-39E2-9A9E-EA4A03B191B0} = {C8C6177F-A1CD-39E2-9A9E-EA4A03B191B0}
	EndProjectSection
EndProject
Global
	GlobalSection(SolutionConfigurationPlatforms) = preSolution
		Debug|x64 = Debug|x64
		Release|x64 = Release|x64
		MinSizeRel|x64 = MinSizeRel|x64
		RelWithDebInfo|x64 = RelWithDebInfo|x64
	EndGlobalSection
	GlobalSection(ProjectConfigurationPlatforms) = postSolution
		{831BF2C5-F684-3422-8D98-DF07AF72946E}.Debug|x64.ActiveCfg = Debug|x64
		{831BF2C5-F684-3422-8D98-DF07AF72946E}.Debug|x64.Build.0 = Debug|x64
		{831BF2C5-F684-3422-8D98-DF07AF72946E}.Release|x64.ActiveCfg = Release|x64
		{831BF2C5-F684-3422-8D98-DF07AF72946E}.Release|x64.Build.0 = Release|x64
		{831BF2C5-F684-3422-8D98-DF07AF72946E}.MinSizeRel|x64.ActiveCfg = MinSizeRel|x64
		{831BF2C5-F684-3422-8D98-DF07AF72946E}.MinSizeRel|x64.Build.0 = MinSizeRel|x64
		{831BF2C5-F684-3422-8D98-DF07AF72946E}.RelWithDebInfo|x64.ActiveCfg = RelWithDebInfo|x64
		{831BF2C5-F684-3422-8D98-DF07AF72946E}.RelWithDebInfo|x64.Build.0 = RelWithDebInfo|x64
		{6622734D-0F0F-3DE1-BC36-E78B0607A952}.Debug|x64.ActiveCfg = Debug|x64
		{6622734D-0F0F-3DE1-BC36-E78B0607A952}.Release|x64.ActiveCfg = Release|x64
		{6622734D-0F0F-3DE1-BC36-E78B0607A952}.MinSizeRel|x64.ActiveCfg = MinSizeRel|x64
		{6622734D-0F0F-3DE1-BC36-E78B0607A952}.RelWithDebInfo|x64.ActiveCfg = RelWithDebInfo|x64
		{9072C6F3-2324-31AF-B830-F5773110ED13}.Debug|x64.ActiveCfg = Debug|x64
		{9072C6F3-2324-31AF-B830-F5773110ED13}.Release|x64.ActiveCfg = Release|x64
		{9072C6F3-2324-31AF-B830-F5773110ED13}.MinSizeRel|x64.ActiveCfg = MinSizeRel|x64
		{9072C6F3-2324-31AF-B830-F5773110ED13}.RelWithDebInfo|x64.ActiveCfg = RelWithDebInfo|x64
		{1BD1A401-6BF3-3957-B21F-2B18FB3E2674}.Debug|x64.ActiveCfg = Debug|x64
		{1BD1A401-6BF3-3957-B21F-2B18FB3E2674}.Release|x64.ActiveCfg = Release|x64
		{1BD1A401-6BF3-3957-B21F-2B18FB3E2674}.MinSizeRel|x64.ActiveCfg = MinSizeRel|x64
		{1BD1A401-6BF3-3957-B21F-2B18FB3E2674}.RelWithDebInfo|x64.ActiveCfg = RelWithDebInfo|x64
		{6A452E19-B843-39DE-B93B-20CEA05A56E9}.Debug|x64.ActiveCfg = Debug|x64
		{6A452E19-B843-39DE-B93B-20CEA05A56E9}.Debug|x64.Build.0 = Debug|x64
		{6A452E19-B843-39DE-B93B-20CEA05A56E9}.Release|x64.ActiveCfg = Release|x64
		{6A452E19-B843-39DE-B93B-20CEA05A56E9}.Release|x64.Build.0 = Release|x64
		{6A452E19-B843-39DE-B93B-20CEA05A56E9}.MinSizeRel|x64.ActiveCfg = MinSizeRel|x64
		{6A452E19-B843-39DE-B93B-20CEA05A56E9}.MinSizeRel|x64.Build.0 = MinSizeRel|x64
		{6A452E19-B843-39DE-B93B-20CEA05A56E9}.RelWithDebInfo|x64.ActiveCfg = RelWithDebInfo|x64
		{6A452E19-B843-39DE-B93B-20CEA05A56E9}.RelWithDebInfo|x64.Build.0 = RelWithDebInfo|x64
		{17BE1EDF-6B0D-3095-BABC-55017555BB23}.Debug|x64.ActiveCfg = Debug|x64
		{17BE1EDF-6B0D-3095-BABC-55017555BB23}.Debug|x64.Build.0 = Debug|x64
		{17BE1EDF-6B0D-3095-BABC-55017555BB23}.Release|x64.ActiveCfg = Release|x64
		{17BE1EDF-6B0D-3095-BABC-55017555BB23}.Release|x64.Build.0 = Release|x64
		{17BE1EDF-6B0D-3095-BABC-55017555BB23}.MinSizeRel|x64.ActiveCfg = MinSizeRel|x64
		{17BE1EDF-6B0D-3095-BABC-55017555BB23}.MinSizeRel|x64.Build.0 = MinSizeRel|x64
		{17BE1EDF-6B0D-3095-BABC-55017555BB23}.RelWithDebInfo|x64.ActiveCfg = RelWithDebInfo|x64
		{17BE1EDF-6B0D-3095-BABC-55017555BB23}.RelWithDebInfo|x64.Build.0 = RelWithDebInfo|x64
		{E66054AE-7879-33ED-8B93-B50654984739}.Debug|x64.ActiveCfg = Debug|x64
		{E66054AE-7879-33ED-8B93-B50654984739}.Debug|x64.Build.0 = Debug|x64
		{E66054AE-7879-33ED-8B93-B50654984739}.Release|x64.ActiveCfg = Release|x64
		{E66054AE-7879-33ED-8B93-B50654984739}.Release|x64.Build.0 = Release|x64
		{E66054AE-7879-33ED-8B93-B50654984739}.MinSizeRel|x64.ActiveCfg = MinSizeRel|x64
		{E66054AE-7879-33ED-8B93-B50654984739}.MinSizeRel|x64.Build.0 = MinSizeRel|x64
		{E66054AE-7879-33ED-8B93-B50654984739}.RelWithDebInfo|x64.ActiveCfg = RelWithDebInfo|x64
		{E66054AE-7879-33ED-8B93-B50654984739}.RelWithDebInfo|x64.Build.0 = RelWithDebInfo|x64
		{132A951B-9C96-3582-BB08-F4385D32026C}.Debug|x64.ActiveCfg = Debug|x64
		{132A951B-9C96-3582-BB08-F4385D32026C}.Debug|x64.Build.0 = Debug|x64
		{132A951B-9C96-3582-BB08-F4385D32026C}.Release|x64.ActiveCfg = Release|x64
		{132A951B-9C96-3582-BB08-F4385D32026C}.Release|x64.Build.0 = Release|x64
		{132A951B-9C96-3582-BB08-F4385D32026C}.MinSizeRel|x64.ActiveCfg = MinSizeRel|x64
		{132A951B-9C96-3582-BB08-F4385D32026C}.MinSizeRel|x64.Build.0 = MinSizeRel|x64
		{132A951B-9C96-3582-BB08-F4385D32026C}.RelWithDebInfo|x64.ActiveCfg = RelWithDebInfo|x64
		{132A951B-9C96-3582-BB08-F4385D32026C}.RelWithDebInfo|x64.Build.0 = RelWithDebInfo|x64
		{A2C6B7FD-AE0F-357B-BA1B-819CE7B55195}.Debug|x64.ActiveCfg = Debug|x64
		{A2C6B7FD-AE0F-357B-BA1B-819CE7B55195}.Debug|x64.Build.0 = Debug|x64
		{A2C6B7FD-AE0F-357B-BA1B-819CE7B55195}.Release|x64.ActiveCfg = Release|x64
		{A2C6B7FD-AE0F-357B-BA1B-819CE7B55195}.Release|x64.Build.0 = Release|x64
		{A2C6B7FD-AE0F-357B-BA1B-819CE7B55195}.MinSizeRel|x64.ActiveCfg = MinSizeRel|x64
		{A2C6B7FD-AE0F-357B-BA1B-819CE7B55195}.MinSizeRel|x64.Build.0 = MinSizeRel|x64
		{A2C6B7FD-AE0F-357B-BA1B-819CE7B55195}.RelWithDebInfo|x64.ActiveCfg = RelWithDebInfo|x64
		{A2C6B7FD-AE0F-357B-BA1B-819CE7B55195}.RelWithDebInfo|x64.Build.0 = RelWithDebInfo|x64
		{C8C6177F-A1CD-39E2-9A9E-EA4A03B191B0}.Debug|x64.ActiveCfg = Debug|x64
		{C8C6177F-A1CD-39E2-9A9E-EA4A03B191B0}.Debug|x64.Build.0 = Debug|x64
		{C8C6177F-A1CD-39E2-9A9E-EA4A03B191B0}.Release|x64.ActiveCfg = Release|x64
		{C8C6177F-A1CD-39E2-9A9E-EA4A03B191B0}.Release|x64.Build.0 = Release|x64
		{C8C6177F-A1CD-39E2-9A9E-EA4A03B191B0}.MinSizeRel|x64.ActiveCfg = MinSizeRel|x64
		{C8C6177F-A1CD-39E2-9A9E-EA4A03B191B0}.MinSizeRel|x64.Build.0 = MinSizeRel|x64
		{C8C6177F-A1CD-39E2-9A9E-EA4A03B191B0}.RelWithDebInfo|x64.ActiveCfg = RelWithDebInfo|x64
		{C8C6177F-A1CD-39E2-9A9E-EA4A03B191B0}.RelWithDebInfo|x64.Build.0 = RelWithDebInfo|x64
		{3879E999-EFD0-3970-ABBE-575F73BE173A}.Debug|x64.ActiveCfg = Debug|x64
		{3879E999-EFD0-3970-ABBE-575F73BE173A}.Debug|x64.Build.0 = Debug|x64
		{3879E999-EFD0-3970-ABBE-575F73BE173A}.Release|x64.ActiveCfg = Release|x64
		{3879E999-EFD0-3970-ABBE-575F73BE173A}.Release|x64.Build.0 = Release|x64
		{3879E999-EFD0-3970-ABBE-575F73BE173A}.MinSizeRel|x64.ActiveCfg = MinSizeRel|x64
		{3879E999-EFD0-3970-ABBE-575F73BE173A}.MinSizeRel|x64.Build.0 = MinSizeRel|x64
		{3879E999-EFD0-3970-ABBE-575F73BE173A}.RelWithDebInfo|x64.ActiveCfg = RelWithDebInfo|x64
		{3879E999-EFD0-3970-ABBE-575F73BE173A}.RelWithDebInfo|x64.Build.0 = RelWithDebInfo|x64
		{EE55B367-21C0-30F8-BA81-BD8226621C1A}.Debug|x64.ActiveCfg = Debug|x64
		{EE55B367-21C0-30F8-BA81-BD8226621C1A}.Debug|x64.Build.0 = Debug|x64
		{EE55B367-21C0-30F8-BA81-BD8226621C1A}.Release|x64.ActiveCfg = Release|x64
		{EE55B367-21C0-30F8-BA81-BD8226621C1A}.Release|x64.Build.0 = Release|x64
		{EE55B367-21C0-30F8-BA81-BD8226621C1A}.MinSizeRel|x64.ActiveCfg = MinSizeRel|x64
		{EE55B367-21C0-30F8-BA81-BD8226621C1A}.MinSizeRel|x64.Build.0 = MinSizeRel|x64
		{EE55B367-21C0-30F8-BA81-BD8226621C1A}.RelWithDebInfo|x64.ActiveCfg = RelWithDebInfo|x64
		{EE55B367-21C0-30F8-BA81-BD8226621C1A}.RelWithDebInfo|x64.Build.0 = RelWithDebInfo|x64
		{0762B312-D6CE-3D73-AB5D-3D189FEB8896}.Debug|x64.ActiveCfg = Debug|x64
		{0762B312-D6CE-3D73-AB5D-3D189FEB8896}.Debug|x64.Build.0 = Debug|x64
		{0762B312-D6CE-3D73-AB5D-3D189FEB8896}.Release|x64.ActiveCfg = Release|x64
		{0762B312-D6CE-3D73-AB5D-3D189FEB8896}.Release|x64.Build.0 = Release|x64
		{0762B312-D6CE-3D73-AB5D-3D189FEB8896}.MinSizeRel|x64.ActiveCfg = MinSizeRel|x64
		{0762B312-D6CE-3D73-AB5D-3D189FEB8896}.MinSizeRel|x64.Build.0 = MinSizeRel|x64
		{0762B312-D6CE-3D73-AB5D-3D189FEB8896}.RelWithDebInfo|x64.ActiveCfg = RelWithDebInfo|x64
		{0762B312-D6CE-3D73-AB5D-3D189FEB8896}.RelWithDebInfo|x64.Build.0 = RelWithDebInfo|x64
		{05007F50-A377-3FEB-ACF7-D5663C4EDA9C}.Debug|x64.ActiveCfg = Debug|x64
		{05007F50-A377-3FEB-ACF7-D5663C4EDA9C}.Debug|x64.Build.0 = Debug|x64
		{05007F50-A377-3FEB-ACF7-D5663C4EDA9C}.Release|x64.ActiveCfg = Release|x64
		{05007F50-A377-3FEB-ACF7-D5663C4EDA9C}.Release|x64.Build.0 = Release|x64
		{05007F50-A377-3FEB-ACF7-D5663C4EDA9C}.MinSizeRel|x64.ActiveCfg = MinSizeRel|x64
		{05007F50-A377-3FEB-ACF7-D5663C4EDA9C}.MinSizeRel|x64.Build.0 = MinSizeRel|x64
		{05007F50-A377-3FEB-ACF7-D5663C4EDA9C}.RelWithDebInfo|x64.ActiveCfg = RelWithDebInfo|x64
		{05007F50-A377-3FEB-ACF7-D5663C4EDA9C}.RelWithDebInfo|x64.Build.0 = RelWithDebInfo|x64
		{4BED85C2-409D-352F-810F-83CAEBCDE92F}.Debug|x64.ActiveCfg = Debug|x64
		{4BED85C2-409D-352F-810F-83CAEBCDE92F}.Debug|x64.Build.0 = Debug|x64
		{4BED85C2-409D-352F-810F-83CAEBCDE92F}.Release|x64.ActiveCfg = Release|x64
		{4BED85C2-409D-352F-810F-83CAEBCDE92F}.Release|x64.Build.0 = Release|x64
		{4BED85C2-409D-352F-810F-83CAEBCDE92F}.MinSizeRel|x64.ActiveCfg = MinSizeRel|x64
		{4BED85C2-409D-352F-810F-83CAEBCDE92F}.MinSizeRel|x64.Build.0 = MinSizeRel|x64
		{4BED85C2-409D-352F-810F-83CAEBCDE92F}.RelWithDebInfo|x64.ActiveCfg = RelWithDebInfo|x64
		{4BED85C2-409D-352F-810F-83CAEBCDE92F}.RelWithDebInfo|x64.Build.0 = RelWithDebInfo|x64
		{97005E57-E96D-35E2-B91F-ED54D530AF3E}.Debug|x64.ActiveCfg = Debug|x64
		{97005E57-E96D-35E2-B91F-ED54D530AF3E}.Debug|x64.Build.0 = Debug|x64
		{97005E57-E96D-35E2-B91F-ED54D530AF3E}.Release|x64.ActiveCfg = Release|x64
		{97005E57-E96D-35E2-B91F-ED54D530AF3E}.Release|x64.Build.0 = Release|x64
		{97005E57-E96D-35E2-B91F-ED54D530AF3E}.MinSizeRel|x64.ActiveCfg = MinSizeRel|x64
		{97005E57-E96D-35E2-B91F-ED54D530AF3E}.MinSizeRel|x64.Build.0 = MinSizeRel|x64
		{97005E57-E96D-35E2-B91F-ED54D530AF3E}.RelWithDebInfo|x64.ActiveCfg = RelWithDebInfo|x64
		{97005E57-E96D-35E2-B91F-ED54D530AF3E}.RelWithDebInfo|x64.Build.0 = RelWithDebInfo|x64
		{67951635-BE33-3CE2-A6D1-408551FA1B12}.Debug|x64.ActiveCfg = Debug|x64
		{67951635-BE33-3CE2-A6D1-408551FA1B12}.Debug|x64.Build.0 = Debug|x64
		{67951635-BE33-3CE2-A6D1-408551FA1B12}.Release|x64.ActiveCfg = Release|x64
		{67951635-BE33-3CE2-A6D1-408551FA1B12}.Release|x64.Build.0 = Release|x64
		{67951635-BE33-3CE2-A6D1-408551FA1B12}.MinSizeRel|x64.ActiveCfg = MinSizeRel|x64
		{67951635-BE33-3CE2-A6D1-408551FA1B12}.MinSizeRel|x64.Build.0 = MinSizeRel|x64
		{67951635-BE33-3CE2-A6D1-408551FA1B12}.RelWithDebInfo|x64.ActiveCfg = RelWithDebInfo|x64
		{67951635-BE33-3CE2-A6D1-408551FA1B12}.RelWithDebInfo|x64.Build.0 = RelWithDebInfo|x64
		{FCC20395-9A7B-35F9-B62D-F218C1CD1B2D}.Debug|x64.ActiveCfg = Debug|x64
		{FCC20395-9A7B-35F9-B62D-F218C1CD1B2D}.Debug|x64.Build.0 = Debug|x64
		{FCC20395-9A7B-35F9-B62D-F218C1CD1B2D}.Release|x64.ActiveCfg = Release|x64
		{FCC20395-9A7B-35F9-B62D-F218C1CD1B2D}.Release|x64.Build.0 = Release|x64
		{FCC20395-9A7B-35F9-B62D-F218C1CD1B2D}.MinSizeRel|x64.ActiveCfg = MinSizeRel|x64
		{FCC20395-9A7B-35F9-B62D-F218C1CD1B2D}.MinSizeRel|x64.Build.0 = MinSizeRel|x64
		{FCC20395-9A7B-35F9-B62D-F218C1CD1B2D}.RelWithDebInfo|x64.ActiveCfg = RelWithDebInfo|x64
		{FCC20395-9A7B-35F9-B62D-F218C1CD1B2D}.RelWithDebInfo|x64.Build.0 = RelWithDebInfo|x64
		{15E37890-EDC7-3D85-863F-4EC7BCC3BEE7}.Debug|x64.ActiveCfg = Debug|x64
		{15E37890-EDC7-3D85-863F-4EC7BCC3BEE7}.Debug|x64.Build.0 = Debug|x64
		{15E37890-EDC7-3D85-863F-4EC7BCC3BEE7}.Release|x64.ActiveCfg = Release|x64
		{15E37890-EDC7-3D85-863F-4EC7BCC3BEE7}.Release|x64.Build.0 = Release|x64
		{15E37890-EDC7-3D85-863F-4EC7BCC3BEE7}.MinSizeRel|x64.ActiveCfg = MinSizeRel|x64
		{15E37890-EDC7-3D85-863F-4EC7BCC3BEE7}.MinSizeRel|x64.Build.0 = MinSizeRel|x64
		{15E37890-EDC7-3D85-863F-4EC7BCC3BEE7}.RelWithDebInfo|x64.ActiveCfg = RelWithDebInfo|x64
		{15E37890-EDC7-3D85-863F-4EC7BCC3BEE7}.RelWithDebInfo|x64.Build.0 = RelWithDebInfo|x64
		{FDDC323E-CCF5-38A7-89AF-ADF5DD7CFDA4}.Debug|x64.ActiveCfg = Debug|x64
		{FDDC323E-CCF5-38A7-89AF-ADF5DD7CFDA4}.Debug|x64.Build.0 = Debug|x64
		{FDDC323E-CCF5-38A7-89AF-ADF5DD7CFDA4}.Release|x64.ActiveCfg = Release|x64
		{FDDC323E-CCF5-38A7-89AF-ADF5DD7CFDA4}.Release|x64.Build.0 = Release|x64
		{FDDC323E-CCF5-38A7-89AF-ADF5DD7CFDA4}.MinSizeRel|x64.ActiveCfg = MinSizeRel|x64
		{FDDC323E-CCF5-38A7-89AF-ADF5DD7CFDA4}.MinSizeRel|x64.Build.0 = MinSizeRel|x64
		{FDDC323E-CCF5-38A7-89AF-ADF5DD7CFDA4}.RelWithDebInfo|x64.ActiveCfg = RelWithDebInfo|x64
		{FDDC323E-CCF5-38A7-89AF-ADF5DD7CFDA4}.RelWithDebInfo|x64.Build.0 = RelWithDebInfo|x64
		{9D3B9187-314F-3827-828F-D06CCDF657E2}.Debug|x64.ActiveCfg = Debug|x64
		{9D3B9187-314F-3827-828F-D06CCDF657E2}.Debug|x64.Build.0 = Debug|x64
		{9D3B9187-314F-3827-828F-D06CCDF657E2}.Release|x64.ActiveCfg = Release|x64
		{9D3B9187-314F-3827-828F-D06CCDF657E2}.Release|x64.Build.0 = Release|x64
		{9D3B9187-314F-3827-828F-D06CCDF657E2}.MinSizeRel|x64.ActiveCfg = MinSizeRel|x64
		{9D3B9187-314F-3827-828F-D06CCDF657E2}.MinSizeRel|x64.Build.0 = MinSizeRel|x64
		{9D3B9187-314F-3827-828F-D06CCDF657E2}.RelWithDebInfo|x64.ActiveCfg = RelWithDebInfo|x64
		{9D3B9187-314F-3827-828F-D06CCDF657E2}.RelWithDebInfo|x64.Build.0 = RelWithDebInfo|x64
		{780DEFB7-9F59-3963-87E9-2043968442C9}.Debug|x64.ActiveCfg = Debug|x64
		{780DEFB7-9F59-3963-87E9-2043968442C9}.Debug|x64.Build.0 = Debug|x64
		{780DEFB7-9F59-3963-87E9-2043968442C9}.Release|x64.ActiveCfg = Release|x64
		{780DEFB7-9F59-3963-87E9-2043968442C9}.Release|x64.Build.0 = Release|x64
		{780DEFB7-9F59-3963-87E9-2043968442C9}.MinSizeRel|x64.ActiveCfg = MinSizeRel|x64
		{780DEFB7-9F59-3963-87E9-2043968442C9}.MinSizeRel|x64.Build.0 = MinSizeRel|x64
		{780DEFB7-9F59-3963-87E9-2043968442C9}.RelWithDebInfo|x64.ActiveCfg = RelWithDebInfo|x64
		{780DEFB7-9F59-3963-87E9-2043968442C9}.RelWithDebInfo|x64.Build.0 = RelWithDebInfo|x64
		{5A131B35-97A6-3D44-9BFF-C9F470CE29C8}.Debug|x64.ActiveCfg = Debug|x64
		{5A131B35-97A6-3D44-9BFF-C9F470CE29C8}.Debug|x64.Build.0 = Debug|x64
		{5A131B35-97A6-3D44-9BFF-C9F470CE29C8}.Release|x64.ActiveCfg = Release|x64
		{5A131B35-97A6-3D44-9BFF-C9F470CE29C8}.Release|x64.Build.0 = Release|x64
		{5A131B35-97A6-3D44-9BFF-C9F470CE29C8}.MinSizeRel|x64.ActiveCfg = MinSizeRel|x64
		{5A131B35-97A6-3D44-9BFF-C9F470CE29C8}.MinSizeRel|x64.Build.0 = MinSizeRel|x64
		{5A131B35-97A6-3D44-9BFF-C9F470CE29C8}.RelWithDebInfo|x64.ActiveCfg = RelWithDebInfo|x64
		{5A131B35-97A6-3D44-9BFF-C9F470CE29C8}.RelWithDebInfo|x64.Build.0 = RelWithDebInfo|x64
		{EB8939F6-D3EF-3185-9351-2F9FF68F0371}.Debug|x64.ActiveCfg = Debug|x64
		{EB8939F6-D3EF-3185-9351-2F9FF68F0371}.Debug|x64.Build.0 = Debug|x64
		{EB8939F6-D3EF-3185-9351-2F9FF68F0371}.Release|x64.ActiveCfg = Release|x64
		{EB8939F6-D3EF-3185-9351-2F9FF68F0371}.Release|x64.Build.0 = Release|x64
		{EB8939F6-D3EF-3185-9351-2F9FF68F0371}.MinSizeRel|x64.ActiveCfg = MinSizeRel|x64
		{EB8939F6-D3EF-3185-9351-2F9FF68F0371}.MinSizeRel|x64.Build.0 = MinSizeRel|x64
		{EB8939F6-D3EF-3185-9351-2F9FF68F0371}.RelWithDebInfo|x64.ActiveCfg = RelWithDebInfo|x64
		{EB8939F6-D3EF-3185-9351-2F9FF68F0371}.RelWithDebInfo|x64.Build.0 = RelWithDebInfo|x64
		{4ED54CEE-1677-3BF1-B388-E5B2EF85CCB0}.Debug|x64.ActiveCfg = Debug|x64
		{4ED54CEE-1677-3BF1-B388-E5B2EF85CCB0}.Debug|x64.Build.0 = Debug|x64
		{4ED54CEE-1677-3BF1-B388-E5B2EF85CCB0}.Release|x64.ActiveCfg = Release|x64
		{4ED54CEE-1677-3BF1-B388-E5B2EF85CCB0}.Release|x64.Build.0 = Release|x64
		{4ED54CEE-1677-3BF1-B388-E5B2EF85CCB0}.MinSizeRel|x64.ActiveCfg = MinSizeRel|x64
		{4ED54CEE-1677-3BF1-B388-E5B2EF85CCB0}.MinSizeRel|x64.Build.0 = MinSizeRel|x64
		{4ED54CEE-1677-3BF1-B388-E5B2EF85CCB0}.RelWithDebInfo|x64.ActiveCfg = RelWithDebInfo|x64
		{4ED54CEE-1677-3BF1-B388-E5B2EF85CCB0}.RelWithDebInfo|x64.Build.0 = RelWithDebInfo|x64
		{B5934C67-FAB5-3AFB-B056-EF66C2C6FDE0}.Debug|x64.ActiveCfg = Debug|x64
		{B5934C67-FAB5-3AFB-B056-EF66C2C6FDE0}.Debug|x64.Build.0 = Debug|x64
		{B5934C67-FAB5-3AFB-B056-EF66C2C6FDE0}.Release|x64.ActiveCfg = Release|x64
		{B5934C67-FAB5-3AFB-B056-EF66C2C6FDE0}.Release|x64.Build.0 = Release|x64
		{B5934C67-FAB5-3AFB-B056-EF66C2C6FDE0}.MinSizeRel|x64.ActiveCfg = MinSizeRel|x64
		{B5934C67-FAB5-3AFB-B056-EF66C2C6FDE0}.MinSizeRel|x64.Build.0 = MinSizeRel|x64
		{B5934C67-FAB5-3AFB-B056-EF66C2C6FDE0}.RelWithDebInfo|x64.ActiveCfg = RelWithDebInfo|x64
		{B5934C67-FAB5-3AFB-B056-EF66C2C6FDE0}.RelWithDebInfo|x64.Build.0 = RelWithDebInfo|x64
		{BFD0696D-9F4B-3154-9E48-40031976F0C2}.Debug|x64.ActiveCfg = Debug|x64
		{BFD0696D-9F4B-3154-9E48-40031976F0C2}.Debug|x64.Build.0 = Debug|x64
		{BFD0696D-9F4B-3154-9E48-40031976F0C2}.Release|x64.ActiveCfg = Release|x64
		{BFD0696D-9F4B-3154-9E48-40031976F0C2}.Release|x64.Build.0 = Release|x64
		{BFD0696D-9F4B-3154-9E48-40031976F0C2}.MinSizeRel|x64.ActiveCfg = MinSizeRel|x64
		{BFD0696D-9F4B-3154-9E48-40031976F0C2}.MinSizeRel|x64.Build.0 = MinSizeRel|x64
		{BFD0696D-9F4B-3154-9E48-40031976F0C2}.RelWithDebInfo|x64.ActiveCfg = RelWithDebInfo|x64
		{BFD0696D-9F4B-3154-9E48-40031976F0C2}.RelWithDebInfo|x64.Build.0 = RelWithDebInfo|x64
		{FDD77B5C-AAF0-3D6D-85C2-912AF07FCD87}.Debug|x64.ActiveCfg = Debug|x64
		{FDD77B5C-AAF0-3D6D-85C2-912AF07FCD87}.Debug|x64.Build.0 = Debug|x64
		{FDD77B5C-AAF0-3D6D-85C2-912AF07FCD87}.Release|x64.ActiveCfg = Release|x64
		{FDD77B5C-AAF0-3D6D-85C2-912AF07FCD87}.Release|x64.Build.0 = Release|x64
		{FDD77B5C-AAF0-3D6D-85C2-912AF07FCD87}.MinSizeRel|x64.ActiveCfg = MinSizeRel|x64
		{FDD77B5C-AAF0-3D6D-85C2-912AF07FCD87}.MinSizeRel|x64.Build.0 = MinSizeRel|x64
		{FDD77B5C-AAF0-3D6D-85C2-912AF07FCD87}.RelWithDebInfo|x64.ActiveCfg = RelWithDebInfo|x64
		{FDD77B5C-AAF0-3D6D-85C2-912AF07FCD87}.RelWithDebInfo|x64.Build.0 = RelWithDebInfo|x64
		{C9165334-B072-39A7-931A-D4B5DADEAF07}.Debug|x64.ActiveCfg = Debug|x64
		{C9165334-B072-39A7-931A-D4B5DADEAF07}.Debug|x64.Build.0 = Debug|x64
		{C9165334-B072-39A7-931A-D4B5DADEAF07}.Release|x64.ActiveCfg = Release|x64
		{C9165334-B072-39A7-931A-D4B5DADEAF07}.Release|x64.Build.0 = Release|x64
		{C9165334-B072-39A7-931A-D4B5DADEAF07}.MinSizeRel|x64.ActiveCfg = MinSizeRel|x64
		{C9165334-B072-39A7-931A-D4B5DADEAF07}.MinSizeRel|x64.Build.0 = MinSizeRel|x64
		{C9165334-B072-39A7-931A-D4B5DADEAF07}.RelWithDebInfo|x64.ActiveCfg = RelWithDebInfo|x64
		{C9165334-B072-39A7-931A-D4B5DADEAF07}.RelWithDebInfo|x64.Build.0 = RelWithDebInfo|x64
		{655A00E5-5EF6-3079-BEB7-6A5573E520D7}.Debug|x64.ActiveCfg = Debug|x64
		{655A00E5-5EF6-3079-BEB7-6A5573E520D7}.Debug|x64.Build.0 = Debug|x64
		{655A00E5-5EF6-3079-BEB7-6A5573E520D7}.Release|x64.ActiveCfg = Release|x64
		{655A00E5-5EF6-3079-BEB7-6A5573E520D7}.Release|x64.Build.0 = Release|x64
		{655A00E5-5EF6-3079-BEB7-6A5573E520D7}.MinSizeRel|x64.ActiveCfg = MinSizeRel|x64
		{655A00E5-5EF6-3079-BEB7-6A5573E520D7}.MinSizeRel|x64.Build.0 = MinSizeRel|x64
		{655A00E5-5EF6-3079-BEB7-6A5573E520D7}.RelWithDebInfo|x64.ActiveCfg = RelWithDebInfo|x64
		{655A00E5-5EF6-3079-BEB7-6A5573E520D7}.RelWithDebInfo|x64.Build.0 = RelWithDebInfo|x64
		{93BEF7EF-7325-32BE-80FB-06429CD0B379}.Debug|x64.ActiveCfg = Debug|x64
		{93BEF7EF-7325-32BE-80FB-06429CD0B379}.Debug|x64.Build.0 = Debug|x64
		{93BEF7EF-7325-32BE-80FB-06429CD0B379}.Release|x64.ActiveCfg = Release|x64
		{93BEF7EF-7325-32BE-80FB-06429CD0B379}.Release|x64.Build.0 = Release|x64
		{93BEF7EF-7325-32BE-80FB-06429CD0B379}.MinSizeRel|x64.ActiveCfg = MinSizeRel|x64
		{93BEF7EF-7325-32BE-80FB-06429CD0B379}.MinSizeRel|x64.Build.0 = MinSizeRel|x64
		{93BEF7EF-7325-32BE-80FB-06429CD0B379}.RelWithDebInfo|x64.ActiveCfg = RelWithDebInfo|x64
		{93BEF7EF-7325-32BE-80FB-06429CD0B379}.RelWithDebInfo|x64.Build.0 = RelWithDebInfo|x64
		{16F9D78F-F6B6-393F-899D-F5DCD0CA98B1}.Debug|x64.ActiveCfg = Debug|x64
		{16F9D78F-F6B6-393F-899D-F5DCD0CA98B1}.Debug|x64.Build.0 = Debug|x64
		{16F9D78F-F6B6-393F-899D-F5DCD0CA98B1}.Release|x64.ActiveCfg = Release|x64
		{16F9D78F-F6B6-393F-899D-F5DCD0CA98B1}.Release|x64.Build.0 = Release|x64
		{16F9D78F-F6B6-393F-899D-F5DCD0CA98B1}.MinSizeRel|x64.ActiveCfg = MinSizeRel|x64
		{16F9D78F-F6B6-393F-899D-F5DCD0CA98B1}.MinSizeRel|x64.Build.0 = MinSizeRel|x64
		{16F9D78F-F6B6-393F-899D-F5DCD0CA98B1}.RelWithDebInfo|x64.ActiveCfg = RelWithDebInfo|x64
		{16F9D78F-F6B6-393F-899D-F5DCD0CA98B1}.RelWithDebInfo|x64.Build.0 = RelWithDebInfo|x64
		{08EBDA27-2A98-3C9B-929A-75032144F808}.Debug|x64.ActiveCfg = Debug|x64
		{08EBDA27-2A98-3C9B-929A-75032144F808}.Debug|x64.Build.0 = Debug|x64
		{08EBDA27-2A98-3C9B-929A-75032144F808}.Release|x64.ActiveCfg = Release|x64
		{08EBDA27-2A98-3C9B-929A-75032144F808}.Release|x64.Build.0 = Release|x64
		{08EBDA27-2A98-3C9B-929A-75032144F808}.MinSizeRel|x64.ActiveCfg = MinSizeRel|x64
		{08EBDA27-2A98-3C9B-929A-75032144F808}.MinSizeRel|x64.Build.0 = MinSizeRel|x64
		{08EBDA27-2A98-3C9B-929A-75032144F808}.RelWithDebInfo|x64.ActiveCfg = RelWithDebInfo|x64
		{08EBDA27-2A98-3C9B-929A-75032144F808}.RelWithDebInfo|x64.Build.0 = RelWithDebInfo|x64
	EndGlobalSection
	GlobalSection(ExtensibilityGlobals) = postSolution
		SolutionGuid = {ADEE6C98-DB79-3824-9490-A8B8F95AFFF4}
	EndGlobalSection
	GlobalSection(ExtensibilityAddIns) = postSolution
	EndGlobalSection
EndGlobal
